
Microsoft Visual Studio Solution File, Format Version 12.00
# Visual Studio Version 16
VisualStudioVersion = 16.0.30711.63
MinimumVisualStudioVersion = 10.0.40219.1
Project("{FAE04EC0-301F-11D3-BF4B-00C04F79EFBC}") = "WebAPI", "WebAPI\WebAPI.csproj", "{BB1134BD-88A8-440D-A1CE-0E82D25561C5}"
EndProject
Project("{FAE04EC0-301F-11D3-BF4B-00C04F79EFBC}") = "Moglan_Vlad_Lab12.Android", "Moglan_Vlad_Lab12\Moglan_Vlad_Lab12.Android\Moglan_Vlad_Lab12.Android.csproj", "{83F7D704-2C55-48E5-89C4-9078D14C9B34}"
EndProject
Project("{FAE04EC0-301F-11D3-BF4B-00C04F79EFBC}") = "Moglan_Vlad_Lab12.iOS", "Moglan_Vlad_Lab12\Moglan_Vlad_Lab12.iOS\Moglan_Vlad_Lab12.iOS.csproj", "{7B0C46A7-E0BA-4D68-B3DC-6C3ACC125495}"
EndProject
Project("{FAE04EC0-301F-11D3-BF4B-00C04F79EFBC}") = "Moglan_Vlad_Lab12", "Moglan_Vlad_Lab12\Moglan_Vlad_Lab12\Moglan_Vlad_Lab12.csproj", "{BFCA817E-4D54-4192-A362-C3EEE97B1443}"
EndProject
Global
	GlobalSection(SolutionConfigurationPlatforms) = preSolution
		Debug|Any CPU = Debug|Any CPU
		Debug|iPhone = Debug|iPhone
		Debug|iPhoneSimulator = Debug|iPhoneSimulator
		Release|Any CPU = Release|Any CPU
		Release|iPhone = Release|iPhone
		Release|iPhoneSimulator = Release|iPhoneSimulator
	EndGlobalSection
	GlobalSection(ProjectConfigurationPlatforms) = postSolution
		{BB1134BD-88A8-440D-A1CE-0E82D25561C5}.Debug|Any CPU.ActiveCfg = Debug|Any CPU
		{BB1134BD-88A8-440D-A1CE-0E82D25561C5}.Debug|Any CPU.Build.0 = Debug|Any CPU
		{BB1134BD-88A8-440D-A1CE-0E82D25561C5}.Debug|iPhone.ActiveCfg = Debug|Any CPU
		{BB1134BD-88A8-440D-A1CE-0E82D25561C5}.Debug|iPhone.Build.0 = Debug|Any CPU
		{BB1134BD-88A8-440D-A1CE-0E82D25561C5}.Debug|iPhoneSimulator.ActiveCfg = Debug|Any CPU
		{BB1134BD-88A8-440D-A1CE-0E82D25561C5}.Debug|iPhoneSimulator.Build.0 = Debug|Any CPU
		{BB1134BD-88A8-440D-A1CE-0E82D25561C5}.Release|Any CPU.ActiveCfg = Release|Any CPU
		{BB1134BD-88A8-440D-A1CE-0E82D25561C5}.Release|Any CPU.Build.0 = Release|Any CPU
		{BB1134BD-88A8-440D-A1CE-0E82D25561C5}.Release|iPhone.ActiveCfg = Release|Any CPU
		{BB1134BD-88A8-440D-A1CE-0E82D25561C5}.Release|iPhone.Build.0 = Release|Any CPU
		{BB1134BD-88A8-440D-A1CE-0E82D25561C5}.Release|iPhoneSimulator.ActiveCfg = Release|Any CPU
		{BB1134BD-88A8-440D-A1CE-0E82D25561C5}.Release|iPhoneSimulator.Build.0 = Release|Any CPU
		{83F7D704-2C55-48E5-89C4-9078D14C9B34}.Debug|Any CPU.ActiveCfg = Debug|Any CPU
		{83F7D704-2C55-48E5-89C4-9078D14C9B34}.Debug|Any CPU.Build.0 = Debug|Any CPU
		{83F7D704-2C55-48E5-89C4-9078D14C9B34}.Debug|Any CPU.Deploy.0 = Debug|Any CPU
		{83F7D704-2C55-48E5-89C4-9078D14C9B34}.Debug|iPhone.ActiveCfg = Debug|Any CPU
		{83F7D704-2C55-48E5-89C4-9078D14C9B34}.Debug|iPhone.Build.0 = Debug|Any CPU
		{83F7D704-2C55-48E5-89C4-9078D14C9B34}.Debug|iPhone.Deploy.0 = Debug|Any CPU
		{83F7D704-2C55-48E5-89C4-9078D14C9B34}.Debug|iPhoneSimulator.ActiveCfg = Debug|Any CPU
		{83F7D704-2C55-48E5-89C4-9078D14C9B34}.Debug|iPhoneSimulator.Build.0 = Debug|Any CPU
		{83F7D704-2C55-48E5-89C4-9078D14C9B34}.Debug|iPhoneSimulator.Deploy.0 = Debug|Any CPU
		{83F7D704-2C55-48E5-89C4-9078D14C9B34}.Release|Any CPU.ActiveCfg = Release|Any CPU
		{83F7D704-2C55-48E5-89C4-9078D14C9B34}.Release|Any CPU.Build.0 = Release|Any CPU
		{83F7D704-2C55-48E5-89C4-9078D14C9B34}.Release|Any CPU.Deploy.0 = Release|Any CPU
		{83F7D704-2C55-48E5-89C4-9078D14C9B34}.Release|iPhone.ActiveCfg = Release|Any CPU
		{83F7D704-2C55-48E5-89C4-9078D14C9B34}.Release|iPhone.Build.0 = Release|Any CPU
		{83F7D704-2C55-48E5-89C4-9078D14C9B34}.Release|iPhone.Deploy.0 = Release|Any CPU
		{83F7D704-2C55-48E5-89C4-9078D14C9B34}.Release|iPhoneSimulator.ActiveCfg = Release|Any CPU
		{83F7D704-2C55-48E5-89C4-9078D14C9B34}.Release|iPhoneSimulator.Build.0 = Release|Any CPU
		{83F7D704-2C55-48E5-89C4-9078D14C9B34}.Release|iPhoneSimulator.Deploy.0 = Release|Any CPU
		{7B0C46A7-E0BA-4D68-B3DC-6C3ACC125495}.Debug|Any CPU.ActiveCfg = Debug|iPhoneSimulator
		{7B0C46A7-E0BA-4D68-B3DC-6C3ACC125495}.Debug|iPhone.ActiveCfg = Debug|iPhone
		{7B0C46A7-E0BA-4D68-B3DC-6C3ACC125495}.Debug|iPhone.Build.0 = Debug|iPhone
		{7B0C46A7-E0BA-4D68-B3DC-6C3ACC125495}.Debug|iPhoneSimulator.ActiveCfg = Debug|iPhoneSimulator
		{7B0C46A7-E0BA-4D68-B3DC-6C3ACC125495}.Debug|iPhoneSimulator.Build.0 = Debug|iPhoneSimulator
		{7B0C46A7-E0BA-4D68-B3DC-6C3ACC125495}.Release|Any CPU.ActiveCfg = Release|iPhoneSimulator
		{7B0C46A7-E0BA-4D68-B3DC-6C3ACC125495}.Release|iPhone.ActiveCfg = Release|iPhone
		{7B0C46A7-E0BA-4D68-B3DC-6C3ACC125495}.Release|iPhone.Build.0 = Release|iPhone
		{7B0C46A7-E0BA-4D68-B3DC-6C3ACC125495}.Release|iPhoneSimulator.ActiveCfg = Release|iPhoneSimulator
		{7B0C46A7-E0BA-4D68-B3DC-6C3ACC125495}.Release|iPhoneSimulator.Build.0 = Release|iPhoneSimulator
		{BFCA817E-4D54-4192-A362-C3EEE97B1443}.Debug|Any CPU.ActiveCfg = Debug|Any CPU
		{BFCA817E-4D54-4192-A362-C3EEE97B1443}.Debug|Any CPU.Build.0 = Debug|Any CPU
		{BFCA817E-4D54-4192-A362-C3EEE97B1443}.Debug|iPhone.ActiveCfg = Debug|Any CPU
		{BFCA817E-4D54-4192-A362-C3EEE97B1443}.Debug|iPhone.Build.0 = Debug|Any CPU
		{BFCA817E-4D54-4192-A362-C3EEE97B1443}.Debug|iPhoneSimulator.ActiveCfg = Debug|Any CPU
		{BFCA817E-4D54-4192-A362-C3EEE97B1443}.Debug|iPhoneSimulator.Build.0 = Debug|Any CPU
		{BFCA817E-4D54-4192-A362-C3EEE97B1443}.Release|Any CPU.ActiveCfg = Release|Any CPU
		{BFCA817E-4D54-4192-A362-C3EEE97B1443}.Release|Any CPU.Build.0 = Release|Any CPU
		{BFCA817E-4D54-4192-A362-C3EEE97B1443}.Release|iPhone.ActiveCfg = Release|Any CPU
		{BFCA817E-4D54-4192-A362-C3EEE97B1443}.Release|iPhone.Build.0 = Release|Any CPU
		{BFCA817E-4D54-4192-A362-C3EEE97B1443}.Release|iPhoneSimulator.ActiveCfg = Release|Any CPU
		{BFCA817E-4D54-4192-A362-C3EEE97B1443}.Release|iPhoneSimulator.Build.0 = Release|Any CPU
	EndGlobalSection
	GlobalSection(SolutionProperties) = preSolution
		HideSolutionNode = FALSE
	EndGlobalSection
	GlobalSection(ExtensibilityGlobals) = postSolution
		SolutionGuid = {1ED1A0AE-8E52-4817-970D-25E7FC1955D6}
	EndGlobalSection
EndGlobal
